
Microsoft Visual Studio Solution File, Format Version 12.00
# Visual Studio Version 17
VisualStudioVersion = 17.4.33122.133
MinimumVisualStudioVersion = 10.0.40219.1
Project("{8BC9CEB8-8B4A-11D0-8D11-00A0C91BC942}") = "G30-Corso-Quiroga-TP", "G30-Corso-Quiroga-TP\G30-Corso-Quiroga-TP.vcxproj", "{C6B07810-761F-4065-A88B-D28EB0C85EF2}"
EndProject
Global
	GlobalSection(SolutionConfigurationPlatforms) = preSolution
		Debug|x64 = Debug|x64
		Debug|x86 = Debug|x86
		Release|x64 = Release|x64
		Release|x86 = Release|x86
	EndGlobalSection
	GlobalSection(ProjectConfigurationPlatforms) = postSolution
		{C6B07810-761F-4065-A88B-D28EB0C85EF2}.Debug|x64.ActiveCfg = Debug|x64
		{C6B07810-761F-4065-A88B-D28EB0C85EF2}.Debug|x64.Build.0 = Debug|x64
		{C6B07810-761F-4065-A88B-D28EB0C85EF2}.Debug|x86.ActiveCfg = Debug|Win32
		{C6B07810-761F-4065-A88B-D28EB0C85EF2}.Debug|x86.Build.0 = Debug|Win32
		{C6B07810-761F-4065-A88B-D28EB0C85EF2}.Release|x64.ActiveCfg = Release|x64
		{C6B07810-761F-4065-A88B-D28EB0C85EF2}.Release|x64.Build.0 = Release|x64
		{C6B07810-761F-4065-A88B-D28EB0C85EF2}.Release|x86.ActiveCfg = Release|Win32
		{C6B07810-761F-4065-A88B-D28EB0C85EF2}.Release|x86.Build.0 = Release|Win32
	EndGlobalSection
	GlobalSection(SolutionProperties) = preSolution
		HideSolutionNode = FALSE
	EndGlobalSection
	GlobalSection(ExtensibilityGlobals) = postSolution
		SolutionGuid = {E7A3AD90-FFFC-498F-A083-3F7EB4F55AB0}
	EndGlobalSection
EndGlobal
