<?xml version="1.0" encoding="utf-8"?>
<Project ToolsVersion="4.0" xmlns="http://schemas.microsoft.com/developer/msbuild/2003">
  <ItemGroup>
    <Filter Include="Source Files">
      <UniqueIdentifier>{4FC737F1-C7A5-4376-A066-2A32D752A2FF}</UniqueIdentifier>
      <Extensions>cpp;c;cc;cxx;c++;cppm;ixx;def;odl;idl;hpj;bat;asm;asmx</Extensions>
    </Filter>
    <Filter Include="Header Files">
      <UniqueIdentifier>{93995380-89BD-4b04-88EB-625FBE52EBFB}</UniqueIdentifier>
      <Extensions>h;hh;hpp;hxx;h++;hm;inl;inc;ipp;xsd</Extensions>
    </Filter>
    <Filter Include="Resource Files">
      <UniqueIdentifier>{67DA6AB6-F800-4c08-8B7A-83BB121AAD01}</UniqueIdentifier>
      <Extensions>rc;ico;cur;bmp;dlg;rc2;rct;bin;rgs;gif;jpg;jpeg;jpe;resx;tiff;tif;png;wav;mfcribbon-ms</Extensions>
    </Filter>
  </ItemGroup>
  <ItemGroup>
    <ClCompile Include="..\Model\cAsistente.cpp">
      <Filter>Source Files</Filter>
    </ClCompile>
    <ClCompile Include="..\Model\cAtienden.cpp">
      <Filter>Source Files</Filter>
    </ClCompile>
    <ClCompile Include="..\Model\cCajero.cpp">
      <Filter>Source Files</Filter>
    </ClCompile>
    <ClCompile Include="..\Model\cCarrito.cpp">
      <Filter>Source Files</Filter>
    </ClCompile>
    <ClCompile Include="..\Model\cCliente.cpp">
      <Filter>Source Files</Filter>
    </ClCompile>
    <ClCompile Include="..\Model\cEFarmaceutico.cpp">
      <Filter>Source Files</Filter>
    </ClCompile>
    <ClCompile Include="..\Model\cELimpieza.cpp">
      <Filter>Source Files</Filter>
    </ClCompile>
    <ClCompile Include="..\Model\cEMostrador.cpp">
      <Filter>Source Files</Filter>
    </ClCompile>
    <ClCompile Include="..\Model\cEmpleado.cpp">
      <Filter>Source Files</Filter>
    </ClCompile>
    <ClCompile Include="..\Model\cEOrtopedia.cpp">
      <Filter>Source Files</Filter>
    </ClCompile>
    <ClCompile Include="..\Model\cEPerfumeria.cpp">
      <Filter>Source Files</Filter>
    </ClCompile>
    <ClCompile Include="..\Model\cFarmacia.cpp">
      <Filter>Source Files</Filter>
    </ClCompile>
    <ClCompile Include="..\Model\cGolosinas.cpp">
      <Filter>Source Files</Filter>
    </ClCompile>
    <ClCompile Include="..\Model\cMedicamento.cpp">
      <Filter>Source Files</Filter>
    </ClCompile>
    <ClCompile Include="..\Model\cOrtopedia.cpp">
      <Filter>Source Files</Filter>
    </ClCompile>
    <ClCompile Include="..\Model\cPerfumeria.cpp">
      <Filter>Source Files</Filter>
    </ClCompile>
    <ClCompile Include="..\Model\cProducto.cpp">
      <Filter>Source Files</Filter>
    </ClCompile>
    <ClCompile Include="..\Model\cReceta.cpp">
      <Filter>Source Files</Filter>
    </ClCompile>
  </ItemGroup>
  <ItemGroup>
    <ClInclude Include="..\Model\cAsistente.h">
      <Filter>Header Files</Filter>
    </ClInclude>
    <ClInclude Include="..\Model\cAtienden.h">
      <Filter>Header Files</Filter>
    </ClInclude>
    <ClInclude Include="..\Model\cCajero.h">
      <Filter>Header Files</Filter>
    </ClInclude>
    <ClInclude Include="..\Model\cCarrito.h">
      <Filter>Header Files</Filter>
    </ClInclude>
    <ClInclude Include="..\Model\cCliente.h">
      <Filter>Header Files</Filter>
    </ClInclude>
    <ClInclude Include="..\Model\cEFarmaceutico.h">
      <Filter>Header Files</Filter>
    </ClInclude>
    <ClInclude Include="..\Model\cELimpieza.h">
      <Filter>Header Files</Filter>
    </ClInclude>
    <ClInclude Include="..\Model\cEMostrador.h">
      <Filter>Header Files</Filter>
    </ClInclude>
    <ClInclude Include="..\Model\cEmpleado.h">
      <Filter>Header Files</Filter>
    </ClInclude>
    <ClInclude Include="..\Model\cEOrtopedia.h">
      <Filter>Header Files</Filter>
    </ClInclude>
    <ClInclude Include="..\Model\cEPerfumeria.h">
      <Filter>Header Files</Filter>
    </ClInclude>
    <ClInclude Include="..\Model\cFarmacia.h">
      <Filter>Header Files</Filter>
    </ClInclude>
    <ClInclude Include="..\Model\cGolosinas.h">
      <Filter>Header Files</Filter>
    </ClInclude>
    <ClInclude Include="..\Model\cMedicamento.h">
      <Filter>Header Files</Filter>
    </ClInclude>
    <ClInclude Include="..\Model\cOrtopedia.h">
      <Filter>Header Files</Filter>
    </ClInclude>
    <ClInclude Include="..\Model\cPerfumeria.h">
      <Filter>Header Files</Filter>
    </ClInclude>
    <ClInclude Include="..\Model\cProducto.h">
      <Filter>Header Files</Filter>
    </ClInclude>
    <ClInclude Include="..\Model\cReceta.h">
      <Filter>Header Files</Filter>
    </ClInclude>
    <ClInclude Include="..\Model\ObraSocial.h">
      <Filter>Header Files</Filter>
    </ClInclude>
    <ClInclude Include="..\Model\Pago.h">
      <Filter>Header Files</Filter>
    </ClInclude>
    <ClInclude Include="..\Model\Ticket.h">
      <Filter>Header Files</Filter>
    </ClInclude>
    <ClInclude Include="..\Model\TipoAdmision.h">
      <Filter>Header Files</Filter>
    </ClInclude>
  </ItemGroup>
</Project>